
Microsoft Visual Studio Solution File, Format Version 12.00
# Visual Studio 15
VisualStudioVersion = 15.0.27004.2005
MinimumVisualStudioVersion = 10.0.40219.1
Project("{FAE04EC0-301F-11D3-BF4B-00C04F79EFBC}") = "SCreenShotApp.v2.0", "SCreenShotApp.v2.0.csproj", "{12F70794-F5FE-4377-90C4-FF302367FAB3}"
EndProject
Global
	GlobalSection(SolutionConfigurationPlatforms) = preSolution
		Debug|x86 = Debug|x86
		Release|x86 = Release|x86
	EndGlobalSection
	GlobalSection(ProjectConfigurationPlatforms) = postSolution
		{12F70794-F5FE-4377-90C4-FF302367FAB3}.Debug|x86.ActiveCfg = Debug|x86
		{12F70794-F5FE-4377-90C4-FF302367FAB3}.Debug|x86.Build.0 = Debug|x86
		{12F70794-F5FE-4377-90C4-FF302367FAB3}.Release|x86.ActiveCfg = Release|x86
		{12F70794-F5FE-4377-90C4-FF302367FAB3}.Release|x86.Build.0 = Release|x86
	EndGlobalSection
	GlobalSection(SolutionProperties) = preSolution
		HideSolutionNode = FALSE
	EndGlobalSection
	GlobalSection(ExtensibilityGlobals) = postSolution
		SolutionGuid = {7907F5A2-0DA6-4DBB-BBAE-65570E281594}
	EndGlobalSection
EndGlobal
